
Microsoft Visual Studio Solution File, Format Version 12.00
# Visual Studio Version 17
VisualStudioVersion = 17.8.34511.84
MinimumVisualStudioVersion = 10.0.40219.1
Project("{FAE04EC0-301F-11D3-BF4B-00C04F79EFBC}") = "DataGridViewStudent", "DataGridViewStudent\DataGridViewStudent.csproj", "{5AF8ACAB-533B-4331-A174-EB697C844F5D}"
EndProject
Global
	GlobalSection(SolutionConfigurationPlatforms) = preSolution
		Debug|Any CPU = Debug|Any CPU
		Release|Any CPU = Release|Any CPU
	EndGlobalSection
	GlobalSection(ProjectConfigurationPlatforms) = postSolution
		{5AF8ACAB-533B-4331-A174-EB697C844F5D}.Debug|Any CPU.ActiveCfg = Debug|Any CPU
		{5AF8ACAB-533B-4331-A174-EB697C844F5D}.Debug|Any CPU.Build.0 = Debug|Any CPU
		{5AF8ACAB-533B-4331-A174-EB697C844F5D}.Release|Any CPU.ActiveCfg = Release|Any CPU
		{5AF8ACAB-533B-4331-A174-EB697C844F5D}.Release|Any CPU.Build.0 = Release|Any CPU
	EndGlobalSection
	GlobalSection(SolutionProperties) = preSolution
		HideSolutionNode = FALSE
	EndGlobalSection
	GlobalSection(ExtensibilityGlobals) = postSolution
		SolutionGuid = {1A8EDD11-5BAD-4AFC-A241-9AE31998F977}
	EndGlobalSection
EndGlobal
